// !$*UTF8*$!
{
	archiveVersion = 1;
	classes = {
	};
	objectVersion = 50;
	objects = {

/* Begin PBXBuildFile section */
		08417ABBFF6EE39F536F0F59 /* Pods_AIAHealthUIUITests.framework in Frameworks */ = {isa = PBXBuildFile; fileRef = 7A74657F313A5A59E6D87EC2 /* Pods_AIAHealthUIUITests.framework */; };
		3325A7B1213E14790024D770 /* AppDelegate.swift in Sources */ = {isa = PBXBuildFile; fileRef = 3325A7B0213E14790024D770 /* AppDelegate.swift */; };
		3325A7B3213E14790024D770 /* HomeContentPersonalViewController.swift in Sources */ = {isa = PBXBuildFile; fileRef = 3325A7B2213E14790024D770 /* HomeContentPersonalViewController.swift */; };
		3325A7B6213E14790024D770 /* AHealthPlus.storyboard in Resources */ = {isa = PBXBuildFile; fileRef = 3325A7B4213E14790024D770 /* AHealthPlus.storyboard */; };
		3325A7B8213E147B0024D770 /* Assets.xcassets in Resources */ = {isa = PBXBuildFile; fileRef = 3325A7B7213E147B0024D770 /* Assets.xcassets */; };
		3325A7BB213E147B0024D770 /* LaunchScreen.storyboard in Resources */ = {isa = PBXBuildFile; fileRef = 3325A7B9213E147B0024D770 /* LaunchScreen.storyboard */; };
		3325A7C6213E147B0024D770 /* AIAHealthUITests.swift in Sources */ = {isa = PBXBuildFile; fileRef = 3325A7C5213E147B0024D770 /* AIAHealthUITests.swift */; };
		3325A7D1213E147B0024D770 /* AIAHealthUIUITests.swift in Sources */ = {isa = PBXBuildFile; fileRef = 3325A7D0213E147B0024D770 /* AIAHealthUIUITests.swift */; };
		3325A7E6213E1C620024D770 /* PlanAndBenefitsViewController.swift in Sources */ = {isa = PBXBuildFile; fileRef = 3325A7E5213E1C620024D770 /* PlanAndBenefitsViewController.swift */; };
		3325A7E8213E1F3C0024D770 /* MainContentPlanAndBenefitsView.swift in Sources */ = {isa = PBXBuildFile; fileRef = 3325A7E7213E1F3C0024D770 /* MainContentPlanAndBenefitsView.swift */; };
		3325A7EA213E1F6D0024D770 /* MainContentPlanAndBenefitsView.xib in Resources */ = {isa = PBXBuildFile; fileRef = 3325A7E9213E1F6D0024D770 /* MainContentPlanAndBenefitsView.xib */; };
		3325A7EC213E485D0024D770 /* R.generated.swift in Sources */ = {isa = PBXBuildFile; fileRef = 3325A7EB213E485D0024D770 /* R.generated.swift */; };
		334F78162141137C0069FBFF /* HeaderHealthRewardView.xib in Resources */ = {isa = PBXBuildFile; fileRef = 334F78152141137C0069FBFF /* HeaderHealthRewardView.xib */; };
		334F7818214117AA0069FBFF /* VitalityStatusView.xib in Resources */ = {isa = PBXBuildFile; fileRef = 334F7817214117AA0069FBFF /* VitalityStatusView.xib */; };
		334F781A2141181C0069FBFF /* VitalityStatusView.swift in Sources */ = {isa = PBXBuildFile; fileRef = 334F78192141181C0069FBFF /* VitalityStatusView.swift */; };
		334F781C214121B90069FBFF /* BenefitsOfHealthRewardView.swift in Sources */ = {isa = PBXBuildFile; fileRef = 334F781B214121B90069FBFF /* BenefitsOfHealthRewardView.swift */; };
		334F781E214121D00069FBFF /* BenefitsOfHealthRewardView.xib in Resources */ = {isa = PBXBuildFile; fileRef = 334F781D214121D00069FBFF /* BenefitsOfHealthRewardView.xib */; };
		334F782021412B140069FBFF /* VitalityStatusBarView.swift in Sources */ = {isa = PBXBuildFile; fileRef = 334F781F21412B140069FBFF /* VitalityStatusBarView.swift */; };
		334F782221412B290069FBFF /* VitalityStatusBarView.xib in Resources */ = {isa = PBXBuildFile; fileRef = 334F782121412B290069FBFF /* VitalityStatusBarView.xib */; };
		33AF8D032140FF8F00DE5F6B /* MainContentHealthRewardView.swift in Sources */ = {isa = PBXBuildFile; fileRef = 33AF8D022140FF8F00DE5F6B /* MainContentHealthRewardView.swift */; };
		33AF8D052140FFA300DE5F6B /* MainContentHealthRewardView.xib in Resources */ = {isa = PBXBuildFile; fileRef = 33AF8D042140FFA300DE5F6B /* MainContentHealthRewardView.xib */; };
		33AF8D09214100FA00DE5F6B /* HeaderHealthRewardView.swift in Sources */ = {isa = PBXBuildFile; fileRef = 33AF8D08214100FA00DE5F6B /* HeaderHealthRewardView.swift */; };
		33B37483213FD4AC009C218D /* UIViewBorderExtension.swift in Sources */ = {isa = PBXBuildFile; fileRef = 33B37482213FD4AC009C218D /* UIViewBorderExtension.swift */; };
		33B6C78621480853002BE75D /* ExpandablePlanAndBenefitsView.xib in Resources */ = {isa = PBXBuildFile; fileRef = 33B6C78521480853002BE75D /* ExpandablePlanAndBenefitsView.xib */; };
		33B6C7882148086C002BE75D /* ExpandablePlanAndBenefitsView.swift in Sources */ = {isa = PBXBuildFile; fileRef = 33B6C7872148086C002BE75D /* ExpandablePlanAndBenefitsView.swift */; };
		33B6C78A21480C1A002BE75D /* ExpandedPlanAndBenfitsView.swift in Sources */ = {isa = PBXBuildFile; fileRef = 33B6C78921480C1A002BE75D /* ExpandedPlanAndBenfitsView.swift */; };
		33B6C78C21480C35002BE75D /* ExpandedPlanAndBenfitsView.xib in Resources */ = {isa = PBXBuildFile; fileRef = 33B6C78B21480C35002BE75D /* ExpandedPlanAndBenfitsView.xib */; };
		33B6C78E21480C71002BE75D /* ExpandablePlanAndBenefitsContainerView.swift in Sources */ = {isa = PBXBuildFile; fileRef = 33B6C78D21480C71002BE75D /* ExpandablePlanAndBenefitsContainerView.swift */; };
		33B6C79021480C83002BE75D /* ExpandablePlanAndBenefitsContainerView.xib in Resources */ = {isa = PBXBuildFile; fileRef = 33B6C78F21480C83002BE75D /* ExpandablePlanAndBenefitsContainerView.xib */; };
		33CB3839213F697800443B09 /* main.strings in Resources */ = {isa = PBXBuildFile; fileRef = 33CB3838213F697800443B09 /* main.strings */; };
		33CB383B213F70B700443B09 /* AHealthPlusViewModel.swift in Sources */ = {isa = PBXBuildFile; fileRef = 33CB383A213F70B700443B09 /* AHealthPlusViewModel.swift */; };
		33CB383D213F70F000443B09 /* PlanAndBenefitsViewModel.swift in Sources */ = {isa = PBXBuildFile; fileRef = 33CB383C213F70F000443B09 /* PlanAndBenefitsViewModel.swift */; };
		33CB3843213F77BC00443B09 /* BenefitsView.swift in Sources */ = {isa = PBXBuildFile; fileRef = 33CB3842213F77BC00443B09 /* BenefitsView.swift */; };
		33CB3845213F77E100443B09 /* BenefitsView.xib in Resources */ = {isa = PBXBuildFile; fileRef = 33CB3844213F77E100443B09 /* BenefitsView.xib */; };
		33CB3849213F7B0D00443B09 /* UIViewExtension.swift in Sources */ = {isa = PBXBuildFile; fileRef = 33CB3848213F7B0D00443B09 /* UIViewExtension.swift */; };
		33CB3885213F897600443B09 /* PlanAndBenefitsModel.swift in Sources */ = {isa = PBXBuildFile; fileRef = 33CB3884213F897600443B09 /* PlanAndBenefitsModel.swift */; };
		33CB388B213F9C9000443B09 /* ExpandablePlanAndBenefitsSectionTableViewCell.swift in Sources */ = {isa = PBXBuildFile; fileRef = 33CB3889213F9C9000443B09 /* ExpandablePlanAndBenefitsSectionTableViewCell.swift */; };
		33CB388C213F9C9000443B09 /* ExpandableSectionPlanAndBenefitsTableViewCell.xib in Resources */ = {isa = PBXBuildFile; fileRef = 33CB388A213F9C9000443B09 /* ExpandableSectionPlanAndBenefitsTableViewCell.xib */; };
		33CB388F213F9E3700443B09 /* ExpandedPlanAndBenefitsTableViewCell.swift in Sources */ = {isa = PBXBuildFile; fileRef = 33CB388D213F9E3700443B09 /* ExpandedPlanAndBenefitsTableViewCell.swift */; };
		33CB3890213F9E3700443B09 /* ExpandedPlanAndBenefitsTableViewCell.xib in Resources */ = {isa = PBXBuildFile; fileRef = 33CB388E213F9E3700443B09 /* ExpandedPlanAndBenefitsTableViewCell.xib */; };
		33EF4A1A2140C86F0010A11B /* HealthWalletViewController.swift in Sources */ = {isa = PBXBuildFile; fileRef = 33EF4A192140C86F0010A11B /* HealthWalletViewController.swift */; };
		33EF4A1F2140C9930010A11B /* MainContentHealthWalletView.swift in Sources */ = {isa = PBXBuildFile; fileRef = 33EF4A1E2140C9930010A11B /* MainContentHealthWalletView.swift */; };
		33EF4A212140C9C40010A11B /* MainContentHealthWalletView.xib in Resources */ = {isa = PBXBuildFile; fileRef = 33EF4A202140C9C40010A11B /* MainContentHealthWalletView.xib */; };
		33EF4A232140D3510010A11B /* UsageHealthWalletView.xib in Resources */ = {isa = PBXBuildFile; fileRef = 33EF4A222140D3510010A11B /* UsageHealthWalletView.xib */; };
		33EF4A252140D3AF0010A11B /* UsageHealthWalletView.swift in Sources */ = {isa = PBXBuildFile; fileRef = 33EF4A242140D3AF0010A11B /* UsageHealthWalletView.swift */; };
		33EF4A282140FA9D0010A11B /* HealthRewardViewController.swift in Sources */ = {isa = PBXBuildFile; fileRef = 33EF4A272140FA9D0010A11B /* HealthRewardViewController.swift */; };
		663986FF87ED6FC986CBEB88 /* Pods_AIAHealthUI.framework in Frameworks */ = {isa = PBXBuildFile; fileRef = 2E5B3B493D0C5971B06F3227 /* Pods_AIAHealthUI.framework */; };
		C03B88873939B08473AF2EE1 /* Pods_AIAHealthUITests.framework in Frameworks */ = {isa = PBXBuildFile; fileRef = 88424F2C8782EA0A8506918E /* Pods_AIAHealthUITests.framework */; };
/* End PBXBuildFile section */

/* Begin PBXContainerItemProxy section */
		3325A7C2213E147B0024D770 /* PBXContainerItemProxy */ = {
			isa = PBXContainerItemProxy;
			containerPortal = 3325A7A5213E14790024D770 /* Project object */;
			proxyType = 1;
			remoteGlobalIDString = 3325A7AC213E14790024D770;
			remoteInfo = AIAHealthUI;
		};
		3325A7CD213E147B0024D770 /* PBXContainerItemProxy */ = {
			isa = PBXContainerItemProxy;
			containerPortal = 3325A7A5213E14790024D770 /* Project object */;
			proxyType = 1;
			remoteGlobalIDString = 3325A7AC213E14790024D770;
			remoteInfo = AIAHealthUI;
		};
/* End PBXContainerItemProxy section */

/* Begin PBXFileReference section */
		2AAE71F020B24C22CEA88924 /* Pods-AIAHealthUITests.debug.xcconfig */ = {isa = PBXFileReference; includeInIndex = 1; lastKnownFileType = text.xcconfig; name = "Pods-AIAHealthUITests.debug.xcconfig"; path = "Pods/Target Support Files/Pods-AIAHealthUITests/Pods-AIAHealthUITests.debug.xcconfig"; sourceTree = "<group>"; };
		2E5B3B493D0C5971B06F3227 /* Pods_AIAHealthUI.framework */ = {isa = PBXFileReference; explicitFileType = wrapper.framework; includeInIndex = 0; path = Pods_AIAHealthUI.framework; sourceTree = BUILT_PRODUCTS_DIR; };
		3325A7AD213E14790024D770 /* AIAHealthUI.app */ = {isa = PBXFileReference; explicitFileType = wrapper.application; includeInIndex = 0; path = AIAHealthUI.app; sourceTree = BUILT_PRODUCTS_DIR; };
		3325A7B0213E14790024D770 /* AppDelegate.swift */ = {isa = PBXFileReference; lastKnownFileType = sourcecode.swift; path = AppDelegate.swift; sourceTree = "<group>"; };
		3325A7B2213E14790024D770 /* HomeContentPersonalViewController.swift */ = {isa = PBXFileReference; lastKnownFileType = sourcecode.swift; path = HomeContentPersonalViewController.swift; sourceTree = "<group>"; };
		3325A7B5213E14790024D770 /* Base */ = {isa = PBXFileReference; lastKnownFileType = file.storyboard; name = Base; path = Base.lproj/AHealthPlus.storyboard; sourceTree = "<group>"; };
		3325A7B7213E147B0024D770 /* Assets.xcassets */ = {isa = PBXFileReference; lastKnownFileType = folder.assetcatalog; path = Assets.xcassets; sourceTree = "<group>"; };
		3325A7BA213E147B0024D770 /* Base */ = {isa = PBXFileReference; lastKnownFileType = file.storyboard; name = Base; path = Base.lproj/LaunchScreen.storyboard; sourceTree = "<group>"; };
		3325A7BC213E147B0024D770 /* Info.plist */ = {isa = PBXFileReference; lastKnownFileType = text.plist.xml; path = Info.plist; sourceTree = "<group>"; };
		3325A7C1213E147B0024D770 /* AIAHealthUITests.xctest */ = {isa = PBXFileReference; explicitFileType = wrapper.cfbundle; includeInIndex = 0; path = AIAHealthUITests.xctest; sourceTree = BUILT_PRODUCTS_DIR; };
		3325A7C5213E147B0024D770 /* AIAHealthUITests.swift */ = {isa = PBXFileReference; lastKnownFileType = sourcecode.swift; path = AIAHealthUITests.swift; sourceTree = "<group>"; };
		3325A7C7213E147B0024D770 /* Info.plist */ = {isa = PBXFileReference; lastKnownFileType = text.plist.xml; path = Info.plist; sourceTree = "<group>"; };
		3325A7CC213E147B0024D770 /* AIAHealthUIUITests.xctest */ = {isa = PBXFileReference; explicitFileType = wrapper.cfbundle; includeInIndex = 0; path = AIAHealthUIUITests.xctest; sourceTree = BUILT_PRODUCTS_DIR; };
		3325A7D0213E147B0024D770 /* AIAHealthUIUITests.swift */ = {isa = PBXFileReference; lastKnownFileType = sourcecode.swift; path = AIAHealthUIUITests.swift; sourceTree = "<group>"; };
		3325A7D2213E147B0024D770 /* Info.plist */ = {isa = PBXFileReference; lastKnownFileType = text.plist.xml; path = Info.plist; sourceTree = "<group>"; };
		3325A7E5213E1C620024D770 /* PlanAndBenefitsViewController.swift */ = {isa = PBXFileReference; lastKnownFileType = sourcecode.swift; path = PlanAndBenefitsViewController.swift; sourceTree = "<group>"; };
		3325A7E7213E1F3C0024D770 /* MainContentPlanAndBenefitsView.swift */ = {isa = PBXFileReference; lastKnownFileType = sourcecode.swift; path = MainContentPlanAndBenefitsView.swift; sourceTree = "<group>"; };
		3325A7E9213E1F6D0024D770 /* MainContentPlanAndBenefitsView.xib */ = {isa = PBXFileReference; lastKnownFileType = file.xib; path = MainContentPlanAndBenefitsView.xib; sourceTree = "<group>"; };
		3325A7EB213E485D0024D770 /* R.generated.swift */ = {isa = PBXFileReference; fileEncoding = 4; lastKnownFileType = sourcecode.swift; path = R.generated.swift; sourceTree = SOURCE_ROOT; };
		334F78152141137C0069FBFF /* HeaderHealthRewardView.xib */ = {isa = PBXFileReference; lastKnownFileType = file.xib; path = HeaderHealthRewardView.xib; sourceTree = "<group>"; };
		334F7817214117AA0069FBFF /* VitalityStatusView.xib */ = {isa = PBXFileReference; lastKnownFileType = file.xib; path = VitalityStatusView.xib; sourceTree = "<group>"; };
		334F78192141181C0069FBFF /* VitalityStatusView.swift */ = {isa = PBXFileReference; lastKnownFileType = sourcecode.swift; path = VitalityStatusView.swift; sourceTree = "<group>"; };
		334F781B214121B90069FBFF /* BenefitsOfHealthRewardView.swift */ = {isa = PBXFileReference; lastKnownFileType = sourcecode.swift; path = BenefitsOfHealthRewardView.swift; sourceTree = "<group>"; };
		334F781D214121D00069FBFF /* BenefitsOfHealthRewardView.xib */ = {isa = PBXFileReference; lastKnownFileType = file.xib; path = BenefitsOfHealthRewardView.xib; sourceTree = "<group>"; };
		334F781F21412B140069FBFF /* VitalityStatusBarView.swift */ = {isa = PBXFileReference; lastKnownFileType = sourcecode.swift; path = VitalityStatusBarView.swift; sourceTree = "<group>"; };
		334F782121412B290069FBFF /* VitalityStatusBarView.xib */ = {isa = PBXFileReference; lastKnownFileType = file.xib; path = VitalityStatusBarView.xib; sourceTree = "<group>"; };
		33AF8D022140FF8F00DE5F6B /* MainContentHealthRewardView.swift */ = {isa = PBXFileReference; lastKnownFileType = sourcecode.swift; path = MainContentHealthRewardView.swift; sourceTree = "<group>"; };
		33AF8D042140FFA300DE5F6B /* MainContentHealthRewardView.xib */ = {isa = PBXFileReference; lastKnownFileType = file.xib; path = MainContentHealthRewardView.xib; sourceTree = "<group>"; };
		33AF8D08214100FA00DE5F6B /* HeaderHealthRewardView.swift */ = {isa = PBXFileReference; lastKnownFileType = sourcecode.swift; path = HeaderHealthRewardView.swift; sourceTree = "<group>"; };
		33B37482213FD4AC009C218D /* UIViewBorderExtension.swift */ = {isa = PBXFileReference; lastKnownFileType = sourcecode.swift; path = UIViewBorderExtension.swift; sourceTree = "<group>"; };
		33B6C78521480853002BE75D /* ExpandablePlanAndBenefitsView.xib */ = {isa = PBXFileReference; lastKnownFileType = file.xib; path = ExpandablePlanAndBenefitsView.xib; sourceTree = "<group>"; };
		33B6C7872148086C002BE75D /* ExpandablePlanAndBenefitsView.swift */ = {isa = PBXFileReference; lastKnownFileType = sourcecode.swift; path = ExpandablePlanAndBenefitsView.swift; sourceTree = "<group>"; };
		33B6C78921480C1A002BE75D /* ExpandedPlanAndBenfitsView.swift */ = {isa = PBXFileReference; lastKnownFileType = sourcecode.swift; path = ExpandedPlanAndBenfitsView.swift; sourceTree = "<group>"; };
		33B6C78B21480C35002BE75D /* ExpandedPlanAndBenfitsView.xib */ = {isa = PBXFileReference; lastKnownFileType = file.xib; path = ExpandedPlanAndBenfitsView.xib; sourceTree = "<group>"; };
		33B6C78D21480C71002BE75D /* ExpandablePlanAndBenefitsContainerView.swift */ = {isa = PBXFileReference; lastKnownFileType = sourcecode.swift; path = ExpandablePlanAndBenefitsContainerView.swift; sourceTree = "<group>"; };
		33B6C78F21480C83002BE75D /* ExpandablePlanAndBenefitsContainerView.xib */ = {isa = PBXFileReference; lastKnownFileType = file.xib; path = ExpandablePlanAndBenefitsContainerView.xib; sourceTree = "<group>"; };
		33CB3838213F697800443B09 /* main.strings */ = {isa = PBXFileReference; lastKnownFileType = text.plist.strings; path = main.strings; sourceTree = "<group>"; };
		33CB383A213F70B700443B09 /* AHealthPlusViewModel.swift */ = {isa = PBXFileReference; lastKnownFileType = sourcecode.swift; path = AHealthPlusViewModel.swift; sourceTree = "<group>"; };
		33CB383C213F70F000443B09 /* PlanAndBenefitsViewModel.swift */ = {isa = PBXFileReference; lastKnownFileType = sourcecode.swift; path = PlanAndBenefitsViewModel.swift; sourceTree = "<group>"; };
		33CB3842213F77BC00443B09 /* BenefitsView.swift */ = {isa = PBXFileReference; lastKnownFileType = sourcecode.swift; path = BenefitsView.swift; sourceTree = "<group>"; };
		33CB3844213F77E100443B09 /* BenefitsView.xib */ = {isa = PBXFileReference; lastKnownFileType = file.xib; path = BenefitsView.xib; sourceTree = "<group>"; };
		33CB3848213F7B0D00443B09 /* UIViewExtension.swift */ = {isa = PBXFileReference; lastKnownFileType = sourcecode.swift; path = UIViewExtension.swift; sourceTree = "<group>"; };
		33CB3884213F897600443B09 /* PlanAndBenefitsModel.swift */ = {isa = PBXFileReference; lastKnownFileType = sourcecode.swift; path = PlanAndBenefitsModel.swift; sourceTree = "<group>"; };
		33CB3889213F9C9000443B09 /* ExpandablePlanAndBenefitsSectionTableViewCell.swift */ = {isa = PBXFileReference; lastKnownFileType = sourcecode.swift; path = ExpandablePlanAndBenefitsSectionTableViewCell.swift; sourceTree = "<group>"; };
		33CB388A213F9C9000443B09 /* ExpandableSectionPlanAndBenefitsTableViewCell.xib */ = {isa = PBXFileReference; lastKnownFileType = file.xib; path = ExpandableSectionPlanAndBenefitsTableViewCell.xib; sourceTree = "<group>"; };
		33CB388D213F9E3700443B09 /* ExpandedPlanAndBenefitsTableViewCell.swift */ = {isa = PBXFileReference; lastKnownFileType = sourcecode.swift; path = ExpandedPlanAndBenefitsTableViewCell.swift; sourceTree = "<group>"; };
		33CB388E213F9E3700443B09 /* ExpandedPlanAndBenefitsTableViewCell.xib */ = {isa = PBXFileReference; lastKnownFileType = file.xib; path = ExpandedPlanAndBenefitsTableViewCell.xib; sourceTree = "<group>"; };
		33EF4A192140C86F0010A11B /* HealthWalletViewController.swift */ = {isa = PBXFileReference; lastKnownFileType = sourcecode.swift; path = HealthWalletViewController.swift; sourceTree = "<group>"; };
		33EF4A1E2140C9930010A11B /* MainContentHealthWalletView.swift */ = {isa = PBXFileReference; lastKnownFileType = sourcecode.swift; path = MainContentHealthWalletView.swift; sourceTree = "<group>"; };
		33EF4A202140C9C40010A11B /* MainContentHealthWalletView.xib */ = {isa = PBXFileReference; lastKnownFileType = file.xib; path = MainContentHealthWalletView.xib; sourceTree = "<group>"; };
		33EF4A222140D3510010A11B /* UsageHealthWalletView.xib */ = {isa = PBXFileReference; lastKnownFileType = file.xib; path = UsageHealthWalletView.xib; sourceTree = "<group>"; };
		33EF4A242140D3AF0010A11B /* UsageHealthWalletView.swift */ = {isa = PBXFileReference; lastKnownFileType = sourcecode.swift; path = UsageHealthWalletView.swift; sourceTree = "<group>"; };
		33EF4A272140FA9D0010A11B /* HealthRewardViewController.swift */ = {isa = PBXFileReference; lastKnownFileType = sourcecode.swift; path = HealthRewardViewController.swift; sourceTree = "<group>"; };
		397FF1F5932131E4DEA60CF2 /* Pods-AIAHealthUI.debug.xcconfig */ = {isa = PBXFileReference; includeInIndex = 1; lastKnownFileType = text.xcconfig; name = "Pods-AIAHealthUI.debug.xcconfig"; path = "Pods/Target Support Files/Pods-AIAHealthUI/Pods-AIAHealthUI.debug.xcconfig"; sourceTree = "<group>"; };
		77D5FB78A61406C4A261734D /* Pods-AIAHealthUIUITests.release.xcconfig */ = {isa = PBXFileReference; includeInIndex = 1; lastKnownFileType = text.xcconfig; name = "Pods-AIAHealthUIUITests.release.xcconfig"; path = "Pods/Target Support Files/Pods-AIAHealthUIUITests/Pods-AIAHealthUIUITests.release.xcconfig"; sourceTree = "<group>"; };
		7A74657F313A5A59E6D87EC2 /* Pods_AIAHealthUIUITests.framework */ = {isa = PBXFileReference; explicitFileType = wrapper.framework; includeInIndex = 0; path = Pods_AIAHealthUIUITests.framework; sourceTree = BUILT_PRODUCTS_DIR; };
		7DE518DCAF9189F0CFE929C3 /* Pods-AIAHealthUIUITests.debug.xcconfig */ = {isa = PBXFileReference; includeInIndex = 1; lastKnownFileType = text.xcconfig; name = "Pods-AIAHealthUIUITests.debug.xcconfig"; path = "Pods/Target Support Files/Pods-AIAHealthUIUITests/Pods-AIAHealthUIUITests.debug.xcconfig"; sourceTree = "<group>"; };
		88424F2C8782EA0A8506918E /* Pods_AIAHealthUITests.framework */ = {isa = PBXFileReference; explicitFileType = wrapper.framework; includeInIndex = 0; path = Pods_AIAHealthUITests.framework; sourceTree = BUILT_PRODUCTS_DIR; };
		B99FBDC584CAA73D91916F42 /* Pods-AIAHealthUITests.release.xcconfig */ = {isa = PBXFileReference; includeInIndex = 1; lastKnownFileType = text.xcconfig; name = "Pods-AIAHealthUITests.release.xcconfig"; path = "Pods/Target Support Files/Pods-AIAHealthUITests/Pods-AIAHealthUITests.release.xcconfig"; sourceTree = "<group>"; };
		E02214FCBBAA2E2944E00D95 /* Pods-AIAHealthUI.release.xcconfig */ = {isa = PBXFileReference; includeInIndex = 1; lastKnownFileType = text.xcconfig; name = "Pods-AIAHealthUI.release.xcconfig"; path = "Pods/Target Support Files/Pods-AIAHealthUI/Pods-AIAHealthUI.release.xcconfig"; sourceTree = "<group>"; };
/* End PBXFileReference section */

/* Begin PBXFrameworksBuildPhase section */
		3325A7AA213E14790024D770 /* Frameworks */ = {
			isa = PBXFrameworksBuildPhase;
			buildActionMask = 2147483647;
			files = (
				663986FF87ED6FC986CBEB88 /* Pods_AIAHealthUI.framework in Frameworks */,
			);
			runOnlyForDeploymentPostprocessing = 0;
		};
		3325A7BE213E147B0024D770 /* Frameworks */ = {
			isa = PBXFrameworksBuildPhase;
			buildActionMask = 2147483647;
			files = (
				C03B88873939B08473AF2EE1 /* Pods_AIAHealthUITests.framework in Frameworks */,
			);
			runOnlyForDeploymentPostprocessing = 0;
		};
		3325A7C9213E147B0024D770 /* Frameworks */ = {
			isa = PBXFrameworksBuildPhase;
			buildActionMask = 2147483647;
			files = (
				08417ABBFF6EE39F536F0F59 /* Pods_AIAHealthUIUITests.framework in Frameworks */,
			);
			runOnlyForDeploymentPostprocessing = 0;
		};
/* End PBXFrameworksBuildPhase section */

/* Begin PBXGroup section */
		3325A7A4213E14790024D770 = {
			isa = PBXGroup;
			children = (
				3325A7AF213E14790024D770 /* AIAHealthUI */,
				3325A7C4213E147B0024D770 /* AIAHealthUITests */,
				3325A7CF213E147B0024D770 /* AIAHealthUIUITests */,
				3325A7AE213E14790024D770 /* Products */,
				B5603872871A124DA24A26D6 /* Pods */,
				96333B103FEEECD3018680CE /* Frameworks */,
			);
			sourceTree = "<group>";
		};
		3325A7AE213E14790024D770 /* Products */ = {
			isa = PBXGroup;
			children = (
				3325A7AD213E14790024D770 /* AIAHealthUI.app */,
				3325A7C1213E147B0024D770 /* AIAHealthUITests.xctest */,
				3325A7CC213E147B0024D770 /* AIAHealthUIUITests.xctest */,
			);
			name = Products;
			sourceTree = "<group>";
		};
		3325A7AF213E14790024D770 /* AIAHealthUI */ = {
			isa = PBXGroup;
			children = (
				33CB3846213F7AAB00443B09 /* Helper */,
				3325A7DE213E19960024D770 /* Starter */,
				3325A7DF213E19A50024D770 /* Model */,
				3325A7E0213E19AA0024D770 /* ViewModel */,
				3325A7E2213E19D60024D770 /* Resources */,
				3325A7E1213E19B40024D770 /* View */,
			);
			path = AIAHealthUI;
			sourceTree = "<group>";
		};
		3325A7C4213E147B0024D770 /* AIAHealthUITests */ = {
			isa = PBXGroup;
			children = (
				3325A7C5213E147B0024D770 /* AIAHealthUITests.swift */,
				3325A7C7213E147B0024D770 /* Info.plist */,
			);
			path = AIAHealthUITests;
			sourceTree = "<group>";
		};
		3325A7CF213E147B0024D770 /* AIAHealthUIUITests */ = {
			isa = PBXGroup;
			children = (
				3325A7D0213E147B0024D770 /* AIAHealthUIUITests.swift */,
				3325A7D2213E147B0024D770 /* Info.plist */,
			);
			path = AIAHealthUIUITests;
			sourceTree = "<group>";
		};
		3325A7DE213E19960024D770 /* Starter */ = {
			isa = PBXGroup;
			children = (
				3325A7BC213E147B0024D770 /* Info.plist */,
				3325A7B9213E147B0024D770 /* LaunchScreen.storyboard */,
				3325A7B0213E14790024D770 /* AppDelegate.swift */,
			);
			path = Starter;
			sourceTree = "<group>";
		};
		3325A7DF213E19A50024D770 /* Model */ = {
			isa = PBXGroup;
			children = (
				33CB3884213F897600443B09 /* PlanAndBenefitsModel.swift */,
			);
			path = Model;
			sourceTree = "<group>";
		};
		3325A7E0213E19AA0024D770 /* ViewModel */ = {
			isa = PBXGroup;
			children = (
				33CB383A213F70B700443B09 /* AHealthPlusViewModel.swift */,
				33CB383C213F70F000443B09 /* PlanAndBenefitsViewModel.swift */,
			);
			path = ViewModel;
			sourceTree = "<group>";
		};
		3325A7E1213E19B40024D770 /* View */ = {
			isa = PBXGroup;
			children = (
				33CB383E213F75E500443B09 /* Common */,
				3325A7E3213E1A210024D770 /* AHealthPlus */,
				3325A7B4213E14790024D770 /* AHealthPlus.storyboard */,
			);
			path = View;
			sourceTree = "<group>";
		};
		3325A7E2213E19D60024D770 /* Resources */ = {
			isa = PBXGroup;
			children = (
				3325A7EB213E485D0024D770 /* R.generated.swift */,
				3325A7B7213E147B0024D770 /* Assets.xcassets */,
				33CB3838213F697800443B09 /* main.strings */,
			);
			path = Resources;
			sourceTree = "<group>";
		};
		3325A7E3213E1A210024D770 /* AHealthPlus */ = {
			isa = PBXGroup;
			children = (
				33CB3886213F9BD700443B09 /* Cell */,
				3325A7B2213E14790024D770 /* HomeContentPersonalViewController.swift */,
				33EF4A162140C7510010A11B /* PlanAndBenefits */,
				33EF4A152140C70A0010A11B /* HealthWallet */,
				33EF4A262140FA620010A11B /* HealthReward */,
			);
			path = AHealthPlus;
			sourceTree = "<group>";
		};
		33AF8D012140FD6B00DE5F6B /* HealthReward */ = {
			isa = PBXGroup;
			children = (
				33AF8D022140FF8F00DE5F6B /* MainContentHealthRewardView.swift */,
				33AF8D042140FFA300DE5F6B /* MainContentHealthRewardView.xib */,
				33AF8D08214100FA00DE5F6B /* HeaderHealthRewardView.swift */,
				334F78152141137C0069FBFF /* HeaderHealthRewardView.xib */,
				334F78192141181C0069FBFF /* VitalityStatusView.swift */,
				334F7817214117AA0069FBFF /* VitalityStatusView.xib */,
				334F781B214121B90069FBFF /* BenefitsOfHealthRewardView.swift */,
				334F781D214121D00069FBFF /* BenefitsOfHealthRewardView.xib */,
				334F781F21412B140069FBFF /* VitalityStatusBarView.swift */,
				334F782121412B290069FBFF /* VitalityStatusBarView.xib */,
			);
			path = HealthReward;
			sourceTree = "<group>";
		};
		33CB383E213F75E500443B09 /* Common */ = {
			isa = PBXGroup;
			children = (
				33CB383F213F76B200443B09 /* View */,
			);
			path = Common;
			sourceTree = "<group>";
		};
		33CB383F213F76B200443B09 /* View */ = {
			isa = PBXGroup;
			children = (
				33AF8D012140FD6B00DE5F6B /* HealthReward */,
				33EF4A1D2140C9300010A11B /* HealthWallet */,
				33EF4A1B2140C8F80010A11B /* PlanAndBenefits */,
			);
			path = View;
			sourceTree = "<group>";
		};
		33CB3846213F7AAB00443B09 /* Helper */ = {
			isa = PBXGroup;
			children = (
				33CB3847213F7AB000443B09 /* Extension */,
			);
			path = Helper;
			sourceTree = "<group>";
		};
		33CB3847213F7AB000443B09 /* Extension */ = {
			isa = PBXGroup;
			children = (
				33CB3848213F7B0D00443B09 /* UIViewExtension.swift */,
				33B37482213FD4AC009C218D /* UIViewBorderExtension.swift */,
			);
			path = Extension;
			sourceTree = "<group>";
		};
		33CB3886213F9BD700443B09 /* Cell */ = {
			isa = PBXGroup;
			children = (
				33EF4A1C2140C90C0010A11B /* PlanAndBenefits */,
			);
			path = Cell;
			sourceTree = "<group>";
		};
		33EF4A152140C70A0010A11B /* HealthWallet */ = {
			isa = PBXGroup;
			children = (
				33EF4A192140C86F0010A11B /* HealthWalletViewController.swift */,
			);
			path = HealthWallet;
			sourceTree = "<group>";
		};
		33EF4A162140C7510010A11B /* PlanAndBenefits */ = {
			isa = PBXGroup;
			children = (
				3325A7E5213E1C620024D770 /* PlanAndBenefitsViewController.swift */,
			);
			path = PlanAndBenefits;
			sourceTree = "<group>";
		};
		33EF4A1B2140C8F80010A11B /* PlanAndBenefits */ = {
			isa = PBXGroup;
			children = (
				3325A7E7213E1F3C0024D770 /* MainContentPlanAndBenefitsView.swift */,
				3325A7E9213E1F6D0024D770 /* MainContentPlanAndBenefitsView.xib */,
				33CB3842213F77BC00443B09 /* BenefitsView.swift */,
				33CB3844213F77E100443B09 /* BenefitsView.xib */,
				33B6C7872148086C002BE75D /* ExpandablePlanAndBenefitsView.swift */,
				33B6C78521480853002BE75D /* ExpandablePlanAndBenefitsView.xib */,
				33B6C78921480C1A002BE75D /* ExpandedPlanAndBenfitsView.swift */,
				33B6C78B21480C35002BE75D /* ExpandedPlanAndBenfitsView.xib */,
				33B6C78D21480C71002BE75D /* ExpandablePlanAndBenefitsContainerView.swift */,
				33B6C78F21480C83002BE75D /* ExpandablePlanAndBenefitsContainerView.xib */,
			);
			path = PlanAndBenefits;
			sourceTree = "<group>";
		};
		33EF4A1C2140C90C0010A11B /* PlanAndBenefits */ = {
			isa = PBXGroup;
			children = (
				33CB3889213F9C9000443B09 /* ExpandablePlanAndBenefitsSectionTableViewCell.swift */,
				33CB388A213F9C9000443B09 /* ExpandableSectionPlanAndBenefitsTableViewCell.xib */,
				33CB388D213F9E3700443B09 /* ExpandedPlanAndBenefitsTableViewCell.swift */,
				33CB388E213F9E3700443B09 /* ExpandedPlanAndBenefitsTableViewCell.xib */,
			);
			path = PlanAndBenefits;
			sourceTree = "<group>";
		};
		33EF4A1D2140C9300010A11B /* HealthWallet */ = {
			isa = PBXGroup;
			children = (
				33EF4A1E2140C9930010A11B /* MainContentHealthWalletView.swift */,
				33EF4A202140C9C40010A11B /* MainContentHealthWalletView.xib */,
				33EF4A242140D3AF0010A11B /* UsageHealthWalletView.swift */,
				33EF4A222140D3510010A11B /* UsageHealthWalletView.xib */,
			);
			path = HealthWallet;
			sourceTree = "<group>";
		};
		33EF4A262140FA620010A11B /* HealthReward */ = {
			isa = PBXGroup;
			children = (
				33EF4A272140FA9D0010A11B /* HealthRewardViewController.swift */,
			);
			path = HealthReward;
			sourceTree = "<group>";
		};
		96333B103FEEECD3018680CE /* Frameworks */ = {
			isa = PBXGroup;
			children = (
				2E5B3B493D0C5971B06F3227 /* Pods_AIAHealthUI.framework */,
				88424F2C8782EA0A8506918E /* Pods_AIAHealthUITests.framework */,
				7A74657F313A5A59E6D87EC2 /* Pods_AIAHealthUIUITests.framework */,
			);
			name = Frameworks;
			sourceTree = "<group>";
		};
		B5603872871A124DA24A26D6 /* Pods */ = {
			isa = PBXGroup;
			children = (
				397FF1F5932131E4DEA60CF2 /* Pods-AIAHealthUI.debug.xcconfig */,
				E02214FCBBAA2E2944E00D95 /* Pods-AIAHealthUI.release.xcconfig */,
				2AAE71F020B24C22CEA88924 /* Pods-AIAHealthUITests.debug.xcconfig */,
				B99FBDC584CAA73D91916F42 /* Pods-AIAHealthUITests.release.xcconfig */,
				7DE518DCAF9189F0CFE929C3 /* Pods-AIAHealthUIUITests.debug.xcconfig */,
				77D5FB78A61406C4A261734D /* Pods-AIAHealthUIUITests.release.xcconfig */,
			);
			name = Pods;
			sourceTree = "<group>";
		};
/* End PBXGroup section */

/* Begin PBXNativeTarget section */
		3325A7AC213E14790024D770 /* AIAHealthUI */ = {
			isa = PBXNativeTarget;
			buildConfigurationList = 3325A7D5213E147B0024D770 /* Build configuration list for PBXNativeTarget "AIAHealthUI" */;
			buildPhases = (
				692DB3CF022B091F65CFDA76 /* [CP] Check Pods Manifest.lock */,
				3325A7A9213E14790024D770 /* Sources */,
				3325A7AA213E14790024D770 /* Frameworks */,
				3325A7AB213E14790024D770 /* Resources */,
				F54C39D84F522EC70EB018D0 /* [CP] Embed Pods Frameworks */,
				3325A7E4213E1C240024D770 /* ShellScript */,
			);
			buildRules = (
			);
			dependencies = (
			);
			name = AIAHealthUI;
			productName = AIAHealthUI;
			productReference = 3325A7AD213E14790024D770 /* AIAHealthUI.app */;
			productType = "com.apple.product-type.application";
		};
		3325A7C0213E147B0024D770 /* AIAHealthUITests */ = {
			isa = PBXNativeTarget;
			buildConfigurationList = 3325A7D8213E147B0024D770 /* Build configuration list for PBXNativeTarget "AIAHealthUITests" */;
			buildPhases = (
				B29A6C3A8250640A4D368595 /* [CP] Check Pods Manifest.lock */,
				3325A7BD213E147B0024D770 /* Sources */,
				3325A7BE213E147B0024D770 /* Frameworks */,
				3325A7BF213E147B0024D770 /* Resources */,
			);
			buildRules = (
			);
			dependencies = (
				3325A7C3213E147B0024D770 /* PBXTargetDependency */,
			);
			name = AIAHealthUITests;
			productName = AIAHealthUITests;
			productReference = 3325A7C1213E147B0024D770 /* AIAHealthUITests.xctest */;
			productType = "com.apple.product-type.bundle.unit-test";
		};
		3325A7CB213E147B0024D770 /* AIAHealthUIUITests */ = {
			isa = PBXNativeTarget;
			buildConfigurationList = 3325A7DB213E147B0024D770 /* Build configuration list for PBXNativeTarget "AIAHealthUIUITests" */;
			buildPhases = (
				06E9D569BA1B0E3A9470BDE5 /* [CP] Check Pods Manifest.lock */,
				3325A7C8213E147B0024D770 /* Sources */,
				3325A7C9213E147B0024D770 /* Frameworks */,
				3325A7CA213E147B0024D770 /* Resources */,
			);
			buildRules = (
			);
			dependencies = (
				3325A7CE213E147B0024D770 /* PBXTargetDependency */,
			);
			name = AIAHealthUIUITests;
			productName = AIAHealthUIUITests;
			productReference = 3325A7CC213E147B0024D770 /* AIAHealthUIUITests.xctest */;
			productType = "com.apple.product-type.bundle.ui-testing";
		};
/* End PBXNativeTarget section */

/* Begin PBXProject section */
		3325A7A5213E14790024D770 /* Project object */ = {
			isa = PBXProject;
			attributes = {
				LastSwiftUpdateCheck = 0940;
				LastUpgradeCheck = 0940;
				ORGANIZATIONNAME = Gavin.ong;
				TargetAttributes = {
					3325A7AC213E14790024D770 = {
						CreatedOnToolsVersion = 9.4.1;
					};
					3325A7C0213E147B0024D770 = {
						CreatedOnToolsVersion = 9.4.1;
						TestTargetID = 3325A7AC213E14790024D770;
					};
					3325A7CB213E147B0024D770 = {
						CreatedOnToolsVersion = 9.4.1;
						TestTargetID = 3325A7AC213E14790024D770;
					};
				};
			};
			buildConfigurationList = 3325A7A8213E14790024D770 /* Build configuration list for PBXProject "AIAHealthUI" */;
			compatibilityVersion = "Xcode 9.3";
			developmentRegion = en;
			hasScannedForEncodings = 0;
			knownRegions = (
				en,
				Base,
			);
			mainGroup = 3325A7A4213E14790024D770;
			productRefGroup = 3325A7AE213E14790024D770 /* Products */;
			projectDirPath = "";
			projectRoot = "";
			targets = (
				3325A7AC213E14790024D770 /* AIAHealthUI */,
				3325A7C0213E147B0024D770 /* AIAHealthUITests */,
				3325A7CB213E147B0024D770 /* AIAHealthUIUITests */,
			);
		};
/* End PBXProject section */

/* Begin PBXResourcesBuildPhase section */
		3325A7AB213E14790024D770 /* Resources */ = {
			isa = PBXResourcesBuildPhase;
			buildActionMask = 2147483647;
			files = (
				334F781E214121D00069FBFF /* BenefitsOfHealthRewardView.xib in Resources */,
				33B6C79021480C83002BE75D /* ExpandablePlanAndBenefitsContainerView.xib in Resources */,
				3325A7EA213E1F6D0024D770 /* MainContentPlanAndBenefitsView.xib in Resources */,
				33CB3839213F697800443B09 /* main.strings in Resources */,
				33EF4A212140C9C40010A11B /* MainContentHealthWalletView.xib in Resources */,
				33CB388C213F9C9000443B09 /* ExpandableSectionPlanAndBenefitsTableViewCell.xib in Resources */,
				33CB3890213F9E3700443B09 /* ExpandedPlanAndBenefitsTableViewCell.xib in Resources */,
				3325A7BB213E147B0024D770 /* LaunchScreen.storyboard in Resources */,
				334F78162141137C0069FBFF /* HeaderHealthRewardView.xib in Resources */,
				334F7818214117AA0069FBFF /* VitalityStatusView.xib in Resources */,
				33CB3845213F77E100443B09 /* BenefitsView.xib in Resources */,
				3325A7B8213E147B0024D770 /* Assets.xcassets in Resources */,
				3325A7B6213E14790024D770 /* AHealthPlus.storyboard in Resources */,
				33EF4A232140D3510010A11B /* UsageHealthWalletView.xib in Resources */,
				33B6C78C21480C35002BE75D /* ExpandedPlanAndBenfitsView.xib in Resources */,
				33B6C78621480853002BE75D /* ExpandablePlanAndBenefitsView.xib in Resources */,
				33AF8D052140FFA300DE5F6B /* MainContentHealthRewardView.xib in Resources */,
				334F782221412B290069FBFF /* VitalityStatusBarView.xib in Resources */,
			);
			runOnlyForDeploymentPostprocessing = 0;
		};
		3325A7BF213E147B0024D770 /* Resources */ = {
			isa = PBXResourcesBuildPhase;
			buildActionMask = 2147483647;
			files = (
			);
			runOnlyForDeploymentPostprocessing = 0;
		};
		3325A7CA213E147B0024D770 /* Resources */ = {
			isa = PBXResourcesBuildPhase;
			buildActionMask = 2147483647;
			files = (
			);
			runOnlyForDeploymentPostprocessing = 0;
		};
/* End PBXResourcesBuildPhase section */

/* Begin PBXShellScriptBuildPhase section */
		06E9D569BA1B0E3A9470BDE5 /* [CP] Check Pods Manifest.lock */ = {
			isa = PBXShellScriptBuildPhase;
			buildActionMask = 2147483647;
			files = (
			);
			inputPaths = (
				"${PODS_PODFILE_DIR_PATH}/Podfile.lock",
				"${PODS_ROOT}/Manifest.lock",
			);
			name = "[CP] Check Pods Manifest.lock";
			outputPaths = (
				"$(DERIVED_FILE_DIR)/Pods-AIAHealthUIUITests-checkManifestLockResult.txt",
			);
			runOnlyForDeploymentPostprocessing = 0;
			shellPath = /bin/sh;
			shellScript = "diff \"${PODS_PODFILE_DIR_PATH}/Podfile.lock\" \"${PODS_ROOT}/Manifest.lock\" > /dev/null\nif [ $? != 0 ] ; then\n    # print error to STDERR\n    echo \"error: The sandbox is not in sync with the Podfile.lock. Run 'pod install' or update your CocoaPods installation.\" >&2\n    exit 1\nfi\n# This output is used by Xcode 'outputs' to avoid re-running this script phase.\necho \"SUCCESS\" > \"${SCRIPT_OUTPUT_FILE_0}\"\n";
			showEnvVarsInLog = 0;
		};
		3325A7E4213E1C240024D770 /* ShellScript */ = {
			isa = PBXShellScriptBuildPhase;
			buildActionMask = 2147483647;
			files = (
			);
			inputPaths = (
			);
			outputPaths = (
			);
			runOnlyForDeploymentPostprocessing = 0;
			shellPath = /bin/sh;
			shellScript = "\"$PODS_ROOT/R.swift/rswift\" generate \"$SRCROOT\"";
		};
		692DB3CF022B091F65CFDA76 /* [CP] Check Pods Manifest.lock */ = {
			isa = PBXShellScriptBuildPhase;
			buildActionMask = 2147483647;
			files = (
			);
			inputPaths = (
				"${PODS_PODFILE_DIR_PATH}/Podfile.lock",
				"${PODS_ROOT}/Manifest.lock",
			);
			name = "[CP] Check Pods Manifest.lock";
			outputPaths = (
				"$(DERIVED_FILE_DIR)/Pods-AIAHealthUI-checkManifestLockResult.txt",
			);
			runOnlyForDeploymentPostprocessing = 0;
			shellPath = /bin/sh;
			shellScript = "diff \"${PODS_PODFILE_DIR_PATH}/Podfile.lock\" \"${PODS_ROOT}/Manifest.lock\" > /dev/null\nif [ $? != 0 ] ; then\n    # print error to STDERR\n    echo \"error: The sandbox is not in sync with the Podfile.lock. Run 'pod install' or update your CocoaPods installation.\" >&2\n    exit 1\nfi\n# This output is used by Xcode 'outputs' to avoid re-running this script phase.\necho \"SUCCESS\" > \"${SCRIPT_OUTPUT_FILE_0}\"\n";
			showEnvVarsInLog = 0;
		};
		B29A6C3A8250640A4D368595 /* [CP] Check Pods Manifest.lock */ = {
			isa = PBXShellScriptBuildPhase;
			buildActionMask = 2147483647;
			files = (
			);
			inputPaths = (
				"${PODS_PODFILE_DIR_PATH}/Podfile.lock",
				"${PODS_ROOT}/Manifest.lock",
			);
			name = "[CP] Check Pods Manifest.lock";
			outputPaths = (
				"$(DERIVED_FILE_DIR)/Pods-AIAHealthUITests-checkManifestLockResult.txt",
			);
			runOnlyForDeploymentPostprocessing = 0;
			shellPath = /bin/sh;
			shellScript = "diff \"${PODS_PODFILE_DIR_PATH}/Podfile.lock\" \"${PODS_ROOT}/Manifest.lock\" > /dev/null\nif [ $? != 0 ] ; then\n    # print error to STDERR\n    echo \"error: The sandbox is not in sync with the Podfile.lock. Run 'pod install' or update your CocoaPods installation.\" >&2\n    exit 1\nfi\n# This output is used by Xcode 'outputs' to avoid re-running this script phase.\necho \"SUCCESS\" > \"${SCRIPT_OUTPUT_FILE_0}\"\n";
			showEnvVarsInLog = 0;
		};
		F54C39D84F522EC70EB018D0 /* [CP] Embed Pods Frameworks */ = {
			isa = PBXShellScriptBuildPhase;
			buildActionMask = 2147483647;
			files = (
			);
			inputPaths = (
				"${SRCROOT}/Pods/Target Support Files/Pods-AIAHealthUI/Pods-AIAHealthUI-frameworks.sh",
				"${BUILT_PRODUCTS_DIR}/ExpandableCell/ExpandableCell.framework",
				"${BUILT_PRODUCTS_DIR}/PagingMenuController/PagingMenuController.framework",
				"${BUILT_PRODUCTS_DIR}/R.swift.Library/Rswift.framework",
				"${BUILT_PRODUCTS_DIR}/RxCocoa/RxCocoa.framework",
				"${BUILT_PRODUCTS_DIR}/RxSwift/RxSwift.framework",
			);
			name = "[CP] Embed Pods Frameworks";
			outputPaths = (
				"${TARGET_BUILD_DIR}/${FRAMEWORKS_FOLDER_PATH}/ExpandableCell.framework",
				"${TARGET_BUILD_DIR}/${FRAMEWORKS_FOLDER_PATH}/PagingMenuController.framework",
				"${TARGET_BUILD_DIR}/${FRAMEWORKS_FOLDER_PATH}/Rswift.framework",
				"${TARGET_BUILD_DIR}/${FRAMEWORKS_FOLDER_PATH}/RxCocoa.framework",
				"${TARGET_BUILD_DIR}/${FRAMEWORKS_FOLDER_PATH}/RxSwift.framework",
			);
			runOnlyForDeploymentPostprocessing = 0;
			shellPath = /bin/sh;
			shellScript = "\"${SRCROOT}/Pods/Target Support Files/Pods-AIAHealthUI/Pods-AIAHealthUI-frameworks.sh\"\n";
			showEnvVarsInLog = 0;
		};
/* End PBXShellScriptBuildPhase section */

/* Begin PBXSourcesBuildPhase section */
		3325A7A9213E14790024D770 /* Sources */ = {
			isa = PBXSourcesBuildPhase;
			buildActionMask = 2147483647;
			files = (
				33B6C78A21480C1A002BE75D /* ExpandedPlanAndBenfitsView.swift in Sources */,
				334F781A2141181C0069FBFF /* VitalityStatusView.swift in Sources */,
				3325A7E8213E1F3C0024D770 /* MainContentPlanAndBenefitsView.swift in Sources */,
				33CB3843213F77BC00443B09 /* BenefitsView.swift in Sources */,
				33EF4A1A2140C86F0010A11B /* HealthWalletViewController.swift in Sources */,
				33AF8D09214100FA00DE5F6B /* HeaderHealthRewardView.swift in Sources */,
				33CB383B213F70B700443B09 /* AHealthPlusViewModel.swift in Sources */,
				33CB383D213F70F000443B09 /* PlanAndBenefitsViewModel.swift in Sources */,
				33EF4A252140D3AF0010A11B /* UsageHealthWalletView.swift in Sources */,
				334F781C214121B90069FBFF /* BenefitsOfHealthRewardView.swift in Sources */,
				33B6C7882148086C002BE75D /* ExpandablePlanAndBenefitsView.swift in Sources */,
				3325A7B3213E14790024D770 /* HomeContentPersonalViewController.swift in Sources */,
				33CB388B213F9C9000443B09 /* ExpandablePlanAndBenefitsSectionTableViewCell.swift in Sources */,
				33EF4A1F2140C9930010A11B /* MainContentHealthWalletView.swift in Sources */,
				334F782021412B140069FBFF /* VitalityStatusBarView.swift in Sources */,
				3325A7EC213E485D0024D770 /* R.generated.swift in Sources */,
				33AF8D032140FF8F00DE5F6B /* MainContentHealthRewardView.swift in Sources */,
				33CB388F213F9E3700443B09 /* ExpandedPlanAndBenefitsTableViewCell.swift in Sources */,
				33CB3849213F7B0D00443B09 /* UIViewExtension.swift in Sources */,
				33B6C78E21480C71002BE75D /* ExpandablePlanAndBenefitsContainerView.swift in Sources */,
				3325A7B1213E14790024D770 /* AppDelegate.swift in Sources */,
				33CB3885213F897600443B09 /* PlanAndBenefitsModel.swift in Sources */,
				33B37483213FD4AC009C218D /* UIViewBorderExtension.swift in Sources */,
				33EF4A282140FA9D0010A11B /* HealthRewardViewController.swift in Sources */,
				3325A7E6213E1C620024D770 /* PlanAndBenefitsViewController.swift in Sources */,
			);
			runOnlyForDeploymentPostprocessing = 0;
		};
		3325A7BD213E147B0024D770 /* Sources */ = {
			isa = PBXSourcesBuildPhase;
			buildActionMask = 2147483647;
			files = (
				3325A7C6213E147B0024D770 /* AIAHealthUITests.swift in Sources */,
			);
			runOnlyForDeploymentPostprocessing = 0;
		};
		3325A7C8213E147B0024D770 /* Sources */ = {
			isa = PBXSourcesBuildPhase;
			buildActionMask = 2147483647;
			files = (
				3325A7D1213E147B0024D770 /* AIAHealthUIUITests.swift in Sources */,
			);
			runOnlyForDeploymentPostprocessing = 0;
		};
/* End PBXSourcesBuildPhase section */

/* Begin PBXTargetDependency section */
		3325A7C3213E147B0024D770 /* PBXTargetDependency */ = {
			isa = PBXTargetDependency;
			target = 3325A7AC213E14790024D770 /* AIAHealthUI */;
			targetProxy = 3325A7C2213E147B0024D770 /* PBXContainerItemProxy */;
		};
		3325A7CE213E147B0024D770 /* PBXTargetDependency */ = {
			isa = PBXTargetDependency;
			target = 3325A7AC213E14790024D770 /* AIAHealthUI */;
			targetProxy = 3325A7CD213E147B0024D770 /* PBXContainerItemProxy */;
		};
/* End PBXTargetDependency section */

/* Begin PBXVariantGroup section */
		3325A7B4213E14790024D770 /* AHealthPlus.storyboard */ = {
			isa = PBXVariantGroup;
			children = (
				3325A7B5213E14790024D770 /* Base */,
			);
			name = AHealthPlus.storyboard;
			sourceTree = "<group>";
		};
		3325A7B9213E147B0024D770 /* LaunchScreen.storyboard */ = {
			isa = PBXVariantGroup;
			children = (
				3325A7BA213E147B0024D770 /* Base */,
			);
			name = LaunchScreen.storyboard;
			sourceTree = "<group>";
		};
/* End PBXVariantGroup section */

/* Begin XCBuildConfiguration section */
		3325A7D3213E147B0024D770 /* Debug */ = {
			isa = XCBuildConfiguration;
			buildSettings = {
				ALWAYS_SEARCH_USER_PATHS = NO;
				CLANG_ANALYZER_NONNULL = YES;
				CLANG_ANALYZER_NUMBER_OBJECT_CONVERSION = YES_AGGRESSIVE;
				CLANG_CXX_LANGUAGE_STANDARD = "gnu++14";
				CLANG_CXX_LIBRARY = "libc++";
				CLANG_ENABLE_MODULES = YES;
				CLANG_ENABLE_OBJC_ARC = YES;
				CLANG_ENABLE_OBJC_WEAK = YES;
				CLANG_WARN_BLOCK_CAPTURE_AUTORELEASING = YES;
				CLANG_WARN_BOOL_CONVERSION = YES;
				CLANG_WARN_COMMA = YES;
				CLANG_WARN_CONSTANT_CONVERSION = YES;
				CLANG_WARN_DEPRECATED_OBJC_IMPLEMENTATIONS = YES;
				CLANG_WARN_DIRECT_OBJC_ISA_USAGE = YES_ERROR;
				CLANG_WARN_DOCUMENTATION_COMMENTS = YES;
				CLANG_WARN_EMPTY_BODY = YES;
				CLANG_WARN_ENUM_CONVERSION = YES;
				CLANG_WARN_INFINITE_RECURSION = YES;
				CLANG_WARN_INT_CONVERSION = YES;
				CLANG_WARN_NON_LITERAL_NULL_CONVERSION = YES;
				CLANG_WARN_OBJC_IMPLICIT_RETAIN_SELF = YES;
				CLANG_WARN_OBJC_LITERAL_CONVERSION = YES;
				CLANG_WARN_OBJC_ROOT_CLASS = YES_ERROR;
				CLANG_WARN_RANGE_LOOP_ANALYSIS = YES;
				CLANG_WARN_STRICT_PROTOTYPES = YES;
				CLANG_WARN_SUSPICIOUS_MOVE = YES;
				CLANG_WARN_UNGUARDED_AVAILABILITY = YES_AGGRESSIVE;
				CLANG_WARN_UNREACHABLE_CODE = YES;
				CLANG_WARN__DUPLICATE_METHOD_MATCH = YES;
				CODE_SIGN_IDENTITY = "iPhone Developer";
				COPY_PHASE_STRIP = NO;
				DEBUG_INFORMATION_FORMAT = dwarf;
				ENABLE_STRICT_OBJC_MSGSEND = YES;
				ENABLE_TESTABILITY = YES;
				GCC_C_LANGUAGE_STANDARD = gnu11;
				GCC_DYNAMIC_NO_PIC = NO;
				GCC_NO_COMMON_BLOCKS = YES;
				GCC_OPTIMIZATION_LEVEL = 0;
				GCC_PREPROCESSOR_DEFINITIONS = (
					"DEBUG=1",
					"$(inherited)",
				);
				GCC_WARN_64_TO_32_BIT_CONVERSION = YES;
				GCC_WARN_ABOUT_RETURN_TYPE = YES_ERROR;
				GCC_WARN_UNDECLARED_SELECTOR = YES;
				GCC_WARN_UNINITIALIZED_AUTOS = YES_AGGRESSIVE;
				GCC_WARN_UNUSED_FUNCTION = YES;
				GCC_WARN_UNUSED_VARIABLE = YES;
				IPHONEOS_DEPLOYMENT_TARGET = 11.4;
				MTL_ENABLE_DEBUG_INFO = YES;
				ONLY_ACTIVE_ARCH = YES;
				SDKROOT = iphoneos;
				SWIFT_ACTIVE_COMPILATION_CONDITIONS = DEBUG;
				SWIFT_OPTIMIZATION_LEVEL = "-Onone";
			};
			name = Debug;
		};
		3325A7D4213E147B0024D770 /* Release */ = {
			isa = XCBuildConfiguration;
			buildSettings = {
				ALWAYS_SEARCH_USER_PATHS = NO;
				CLANG_ANALYZER_NONNULL = YES;
				CLANG_ANALYZER_NUMBER_OBJECT_CONVERSION = YES_AGGRESSIVE;
				CLANG_CXX_LANGUAGE_STANDARD = "gnu++14";
				CLANG_CXX_LIBRARY = "libc++";
				CLANG_ENABLE_MODULES = YES;
				CLANG_ENABLE_OBJC_ARC = YES;
				CLANG_ENABLE_OBJC_WEAK = YES;
				CLANG_WARN_BLOCK_CAPTURE_AUTORELEASING = YES;
				CLANG_WARN_BOOL_CONVERSION = YES;
				CLANG_WARN_COMMA = YES;
				CLANG_WARN_CONSTANT_CONVERSION = YES;
				CLANG_WARN_DEPRECATED_OBJC_IMPLEMENTATIONS = YES;
				CLANG_WARN_DIRECT_OBJC_ISA_USAGE = YES_ERROR;
				CLANG_WARN_DOCUMENTATION_COMMENTS = YES;
				CLANG_WARN_EMPTY_BODY = YES;
				CLANG_WARN_ENUM_CONVERSION = YES;
				CLANG_WARN_INFINITE_RECURSION = YES;
				CLANG_WARN_INT_CONVERSION = YES;
				CLANG_WARN_NON_LITERAL_NULL_CONVERSION = YES;
				CLANG_WARN_OBJC_IMPLICIT_RETAIN_SELF = YES;
				CLANG_WARN_OBJC_LITERAL_CONVERSION = YES;
				CLANG_WARN_OBJC_ROOT_CLASS = YES_ERROR;
				CLANG_WARN_RANGE_LOOP_ANALYSIS = YES;
				CLANG_WARN_STRICT_PROTOTYPES = YES;
				CLANG_WARN_SUSPICIOUS_MOVE = YES;
				CLANG_WARN_UNGUARDED_AVAILABILITY = YES_AGGRESSIVE;
				CLANG_WARN_UNREACHABLE_CODE = YES;
				CLANG_WARN__DUPLICATE_METHOD_MATCH = YES;
				CODE_SIGN_IDENTITY = "iPhone Developer";
				COPY_PHASE_STRIP = NO;
				DEBUG_INFORMATION_FORMAT = "dwarf-with-dsym";
				ENABLE_NS_ASSERTIONS = NO;
				ENABLE_STRICT_OBJC_MSGSEND = YES;
				GCC_C_LANGUAGE_STANDARD = gnu11;
				GCC_NO_COMMON_BLOCKS = YES;
				GCC_WARN_64_TO_32_BIT_CONVERSION = YES;
				GCC_WARN_ABOUT_RETURN_TYPE = YES_ERROR;
				GCC_WARN_UNDECLARED_SELECTOR = YES;
				GCC_WARN_UNINITIALIZED_AUTOS = YES_AGGRESSIVE;
				GCC_WARN_UNUSED_FUNCTION = YES;
				GCC_WARN_UNUSED_VARIABLE = YES;
				IPHONEOS_DEPLOYMENT_TARGET = 11.4;
				MTL_ENABLE_DEBUG_INFO = NO;
				SDKROOT = iphoneos;
				SWIFT_COMPILATION_MODE = wholemodule;
				SWIFT_OPTIMIZATION_LEVEL = "-O";
				VALIDATE_PRODUCT = YES;
			};
			name = Release;
		};
		3325A7D6213E147B0024D770 /* Debug */ = {
			isa = XCBuildConfiguration;
			baseConfigurationReference = 397FF1F5932131E4DEA60CF2 /* Pods-AIAHealthUI.debug.xcconfig */;
			buildSettings = {
				ASSETCATALOG_COMPILER_APPICON_NAME = AppIcon;
				CODE_SIGN_STYLE = Automatic;
				DEVELOPMENT_TEAM = K5J7BB7M8F;
				INFOPLIST_FILE = "$(SRCROOT)/AIAHealthUI/Starter/Info.plist";
				LD_RUNPATH_SEARCH_PATHS = (
					"$(inherited)",
					"@executable_path/Frameworks",
				);
				PRODUCT_BUNDLE_IDENTIFIER = Gavin.AIAHealthUI;
				PRODUCT_NAME = "$(TARGET_NAME)";
				SWIFT_VERSION = 4.0;
				TARGETED_DEVICE_FAMILY = "1,2";
			};
			name = Debug;
		};
		3325A7D7213E147B0024D770 /* Release */ = {
			isa = XCBuildConfiguration;
			baseConfigurationReference = E02214FCBBAA2E2944E00D95 /* Pods-AIAHealthUI.release.xcconfig */;
			buildSettings = {
				ASSETCATALOG_COMPILER_APPICON_NAME = AppIcon;
				CODE_SIGN_STYLE = Automatic;
				DEVELOPMENT_TEAM = K5J7BB7M8F;
				INFOPLIST_FILE = "$(SRCROOT)/AIAHealthUI/Starter/Info.plist";
				LD_RUNPATH_SEARCH_PATHS = (
					"$(inherited)",
					"@executable_path/Frameworks",
				);
				PRODUCT_BUNDLE_IDENTIFIER = Gavin.AIAHealthUI;
				PRODUCT_NAME = "$(TARGET_NAME)";
				SWIFT_VERSION = 4.0;
				TARGETED_DEVICE_FAMILY = "1,2";
			};
			name = Release;
		};
		3325A7D9213E147B0024D770 /* Debug */ = {
			isa = XCBuildConfiguration;
			baseConfigurationReference = 2AAE71F020B24C22CEA88924 /* Pods-AIAHealthUITests.debug.xcconfig */;
			buildSettings = {
				ALWAYS_EMBED_SWIFT_STANDARD_LIBRARIES = YES;
				BUNDLE_LOADER = "$(TEST_HOST)";
				CODE_SIGN_STYLE = Automatic;
				DEVELOPMENT_TEAM = K5J7BB7M8F;
				INFOPLIST_FILE = AIAHealthUITests/Info.plist;
				LD_RUNPATH_SEARCH_PATHS = (
					"$(inherited)",
					"@executable_path/Frameworks",
					"@loader_path/Frameworks",
				);
				PRODUCT_BUNDLE_IDENTIFIER = Gavin.AIAHealthUITests;
				PRODUCT_NAME = "$(TARGET_NAME)";
				SWIFT_VERSION = 4.0;
				TARGETED_DEVICE_FAMILY = "1,2";
				TEST_HOST = "$(BUILT_PRODUCTS_DIR)/AIAHealthUI.app/AIAHealthUI";
			};
			name = Debug;
		};
		3325A7DA213E147B0024D770 /* Release */ = {
			isa = XCBuildConfiguration;
			baseConfigurationReference = B99FBDC584CAA73D91916F42 /* Pods-AIAHealthUITests.release.xcconfig */;
			buildSettings = {
				ALWAYS_EMBED_SWIFT_STANDARD_LIBRARIES = YES;
				BUNDLE_LOADER = "$(TEST_HOST)";
				CODE_SIGN_STYLE = Automatic;
				DEVELOPMENT_TEAM = K5J7BB7M8F;
				INFOPLIST_FILE = AIAHealthUITests/Info.plist;
				LD_RUNPATH_SEARCH_PATHS = (
					"$(inherited)",
					"@executable_path/Frameworks",
					"@loader_path/Frameworks",
				);
				PRODUCT_BUNDLE_IDENTIFIER = Gavin.AIAHealthUITests;
				PRODUCT_NAME = "$(TARGET_NAME)";
				SWIFT_VERSION = 4.0;
				TARGETED_DEVICE_FAMILY = "1,2";
				TEST_HOST = "$(BUILT_PRODUCTS_DIR)/AIAHealthUI.app/AIAHealthUI";
			};
			name = Release;
		};
		3325A7DC213E147B0024D770 /* Debug */ = {
			isa = XCBuildConfiguration;
			baseConfigurationReference = 7DE518DCAF9189F0CFE929C3 /* Pods-AIAHealthUIUITests.debug.xcconfig */;
			buildSettings = {
				ALWAYS_EMBED_SWIFT_STANDARD_LIBRARIES = YES;
				CODE_SIGN_STYLE = Automatic;
				DEVELOPMENT_TEAM = K5J7BB7M8F;
				INFOPLIST_FILE = AIAHealthUIUITests/Info.plist;
				LD_RUNPATH_SEARCH_PATHS = (
					"$(inherited)",
					"@executable_path/Frameworks",
					"@loader_path/Frameworks",
				);
				PRODUCT_BUNDLE_IDENTIFIER = Gavin.AIAHealthUIUITests;
				PRODUCT_NAME = "$(TARGET_NAME)";
				SWIFT_VERSION = 4.0;
				TARGETED_DEVICE_FAMILY = "1,2";
				TEST_TARGET_NAME = AIAHealthUI;
			};
			name = Debug;
		};
		3325A7DD213E147B0024D770 /* Release */ = {
			isa = XCBuildConfiguration;
			baseConfigurationReference = 77D5FB78A61406C4A261734D /* Pods-AIAHealthUIUITests.release.xcconfig */;
			buildSettings = {
				ALWAYS_EMBED_SWIFT_STANDARD_LIBRARIES = YES;
				CODE_SIGN_STYLE = Automatic;
				DEVELOPMENT_TEAM = K5J7BB7M8F;
				INFOPLIST_FILE = AIAHealthUIUITests/Info.plist;
				LD_RUNPATH_SEARCH_PATHS = (
					"$(inherited)",
					"@executable_path/Frameworks",
					"@loader_path/Frameworks",
				);
				PRODUCT_BUNDLE_IDENTIFIER = Gavin.AIAHealthUIUITests;
				PRODUCT_NAME = "$(TARGET_NAME)";
				SWIFT_VERSION = 4.0;
				TARGETED_DEVICE_FAMILY = "1,2";
				TEST_TARGET_NAME = AIAHealthUI;
			};
			name = Release;
		};
/* End XCBuildConfiguration section */

/* Begin XCConfigurationList section */
		3325A7A8213E14790024D770 /* Build configuration list for PBXProject "AIAHealthUI" */ = {
			isa = XCConfigurationList;
			buildConfigurations = (
				3325A7D3213E147B0024D770 /* Debug */,
				3325A7D4213E147B0024D770 /* Release */,
			);
			defaultConfigurationIsVisible = 0;
			defaultConfigurationName = Release;
		};
		3325A7D5213E147B0024D770 /* Build configuration list for PBXNativeTarget "AIAHealthUI" */ = {
			isa = XCConfigurationList;
			buildConfigurations = (
				3325A7D6213E147B0024D770 /* Debug */,
				3325A7D7213E147B0024D770 /* Release */,
			);
			defaultConfigurationIsVisible = 0;
			defaultConfigurationName = Release;
		};
		3325A7D8213E147B0024D770 /* Build configuration list for PBXNativeTarget "AIAHealthUITests" */ = {
			isa = XCConfigurationList;
			buildConfigurations = (
				3325A7D9213E147B0024D770 /* Debug */,
				3325A7DA213E147B0024D770 /* Release */,
			);
			defaultConfigurationIsVisible = 0;
			defaultConfigurationName = Release;
		};
		3325A7DB213E147B0024D770 /* Build configuration list for PBXNativeTarget "AIAHealthUIUITests" */ = {
			isa = XCConfigurationList;
			buildConfigurations = (
				3325A7DC213E147B0024D770 /* Debug */,
				3325A7DD213E147B0024D770 /* Release */,
			);
			defaultConfigurationIsVisible = 0;
			defaultConfigurationName = Release;
		};
/* End XCConfigurationList section */
	};
	rootObject = 3325A7A5213E14790024D770 /* Project object */;
}
